{
  "version": 4,
  "terraform_version": "1.2.6",
  "serial": 10,
  "lineage": "daffc545-d80b-887a-70ac-e33a6fca59ff",
  "outputs": {},
  "resources": [
    {
      "module": "module.Demo-users",
      "mode": "managed",
      "type": "aws_iam_group",
      "name": "user-group",
      "provider": "module.Demo-users.provider[\"registry.terraform.io/hashicorp/aws\"]",
      "instances": [
        {
          "schema_version": 0,
          "attributes": {
            "arn": "arn:aws:iam::528519205020:group/demo-usergroup-418",
            "id": "demo-usergroup-418",
            "name": "demo-usergroup-418",
            "path": "/",
            "unique_id": "AGPAXWDRTCCOMRH5CWV32"
          },
          "sensitive_attributes": [],
          "private": "bnVsbA=="
        }
      ]
    },
    {
      "module": "module.Demo-users",
      "mode": "managed",
      "type": "aws_iam_group_membership",
      "name": "demo-team",
      "provider": "module.Demo-users.provider[\"registry.terraform.io/hashicorp/aws\"]",
      "instances": [
        {
          "schema_version": 0,
          "attributes": {
            "group": "demo-usergroup-418",
            "id": "demo-users-group",
            "name": "demo-users-group",
            "users": [
              "demo-user1",
              "demo-user2",
              "demo-user3"
            ]
          },
          "sensitive_attributes": [],
          "private": "bnVsbA==",
          "dependencies": [
            "module.Demo-users.aws_iam_group.user-group",
            "module.Demo-users.aws_iam_user.lb"
          ]
        }
      ]
    },
    {
      "module": "module.Demo-users",
      "mode": "managed",
      "type": "aws_iam_user",
      "name": "lb",
      "provider": "module.Demo-users.provider[\"registry.terraform.io/hashicorp/aws\"]",
      "instances": [
        {
          "index_key": 0,
          "schema_version": 0,
          "attributes": {
            "arn": "arn:aws:iam::528519205020:user/demo-user1",
            "force_destroy": false,
            "id": "demo-user1",
            "name": "demo-user1",
            "path": "/",
            "permissions_boundary": null,
            "tags": {
              "tag-key": "Demo-users"
            },
            "tags_all": {
              "tag-key": "Demo-users"
            },
            "unique_id": "AIDAXWDRTCCOOKU7I4ZZM"
          },
          "sensitive_attributes": [],
          "private": "bnVsbA=="
        },
        {
          "index_key": 1,
          "schema_version": 0,
          "attributes": {
            "arn": "arn:aws:iam::528519205020:user/demo-user2",
            "force_destroy": false,
            "id": "demo-user2",
            "name": "demo-user2",
            "path": "/",
            "permissions_boundary": null,
            "tags": {
              "tag-key": "Demo-users"
            },
            "tags_all": {
              "tag-key": "Demo-users"
            },
            "unique_id": "AIDAXWDRTCCOGWVWPWMD7"
          },
          "sensitive_attributes": [],
          "private": "bnVsbA=="
        },
        {
          "index_key": 2,
          "schema_version": 0,
          "attributes": {
            "arn": "arn:aws:iam::528519205020:user/demo-user3",
            "force_destroy": false,
            "id": "demo-user3",
            "name": "demo-user3",
            "path": "/",
            "permissions_boundary": null,
            "tags": {
              "tag-key": "Demo-users"
            },
            "tags_all": {
              "tag-key": "Demo-users"
            },
            "unique_id": "AIDAXWDRTCCOE7S7NVZDZ"
          },
          "sensitive_attributes": [],
          "private": "bnVsbA=="
        }
      ]
    },
    {
      "module": "module.s3",
      "mode": "managed",
      "type": "aws_s3_bucket",
      "name": "b",
      "provider": "provider[\"registry.terraform.io/hashicorp/aws\"]",
      "instances": [
        {
          "schema_version": 0,
          "attributes": {
            "acceleration_status": "",
            "acl": null,
            "arn": "arn:aws:s3:::demo-buck-418",
            "bucket": "demo-buck-418",
            "bucket_domain_name": "demo-buck-418.s3.amazonaws.com",
            "bucket_prefix": null,
            "bucket_regional_domain_name": "demo-buck-418.s3.amazonaws.com",
            "cors_rule": [],
            "force_destroy": false,
            "grant": [
              {
                "id": "313c4424e10ce44c5cdad78bd0926f3518a1b1d417e5c5bda771bd7322cdfff8",
                "permissions": [
                  "FULL_CONTROL"
                ],
                "type": "CanonicalUser",
                "uri": ""
              }
            ],
            "hosted_zone_id": "Z3AQBSTGFYJSTF",
            "id": "demo-buck-418",
            "lifecycle_rule": [],
            "logging": [],
            "object_lock_configuration": [],
            "object_lock_enabled": false,
            "policy": "",
            "region": "us-east-1",
            "replication_configuration": [],
            "request_payer": "BucketOwner",
            "server_side_encryption_configuration": [],
            "tags": {
              "Name": "demo-bucket-418"
            },
            "tags_all": {
              "Name": "demo-bucket-418"
            },
            "timeouts": null,
            "versioning": [
              {
                "enabled": false,
                "mfa_delete": false
              }
            ],
            "website": [],
            "website_domain": null,
            "website_endpoint": null
          },
          "sensitive_attributes": [],
          "private": "eyJlMmJmYjczMC1lY2FhLTExZTYtOGY4OC0zNDM2M2JjN2M0YzAiOnsiY3JlYXRlIjoxMjAwMDAwMDAwMDAwLCJkZWxldGUiOjM2MDAwMDAwMDAwMDAsInJlYWQiOjEyMDAwMDAwMDAwMDAsInVwZGF0ZSI6MTIwMDAwMDAwMDAwMH19"
        }
      ]
    }
  ]
}
